// !$*UTF8*$!
{
	archiveVersion = 1;
	classes = {
	};
	objectVersion = 50;
	objects = {

/* Begin PBXBuildFile section */
		6B5F1A7625157E95009E41D7 /* AppDelegate.swift in Sources */ = {isa = PBXBuildFile; fileRef = 6B5F1A7525157E95009E41D7 /* AppDelegate.swift */; };
		6B5F1A7825157E95009E41D7 /* SceneDelegate.swift in Sources */ = {isa = PBXBuildFile; fileRef = 6B5F1A7725157E95009E41D7 /* SceneDelegate.swift */; };
		6B5F1A7A25157E95009E41D7 /* ViewController.swift in Sources */ = {isa = PBXBuildFile; fileRef = 6B5F1A7925157E95009E41D7 /* ViewController.swift */; };
		6B5F1A7D25157E95009E41D7 /* Main.storyboard in Resources */ = {isa = PBXBuildFile; fileRef = 6B5F1A7B25157E95009E41D7 /* Main.storyboard */; };
		6B5F1A7F25157E96009E41D7 /* Assets.xcassets in Resources */ = {isa = PBXBuildFile; fileRef = 6B5F1A7E25157E96009E41D7 /* Assets.xcassets */; };
		6B5F1A8225157E96009E41D7 /* LaunchScreen.storyboard in Resources */ = {isa = PBXBuildFile; fileRef = 6B5F1A8025157E96009E41D7 /* LaunchScreen.storyboard */; };
		6B5F1A8D25157E96009E41D7 /* RabbitTests.swift in Sources */ = {isa = PBXBuildFile; fileRef = 6B5F1A8C25157E96009E41D7 /* RabbitTests.swift */; };
		6B5F1A9825157E96009E41D7 /* RabbitUITests.swift in Sources */ = {isa = PBXBuildFile; fileRef = 6B5F1A9725157E96009E41D7 /* RabbitUITests.swift */; };
		6B5F1AA925157F82009E41D7 /* script.jump in Resources */ = {isa = PBXBuildFile; fileRef = 6B5F1AA825157F82009E41D7 /* script.jump */; };
		6B5F1AAE25157F95009E41D7 /* Rabbit.swift in Sources */ = {isa = PBXBuildFile; fileRef = 6B5F1AAD25157F95009E41D7 /* Rabbit.swift */; };
/* End PBXBuildFile section */

/* Begin PBXContainerItemProxy section */
		6B5F1A8925157E96009E41D7 /* PBXContainerItemProxy */ = {
			isa = PBXContainerItemProxy;
			containerPortal = 6B5F1A6A25157E95009E41D7 /* Project object */;
			proxyType = 1;
			remoteGlobalIDString = 6B5F1A7125157E95009E41D7;
			remoteInfo = Rabbit;
		};
		6B5F1A9425157E96009E41D7 /* PBXContainerItemProxy */ = {
			isa = PBXContainerItemProxy;
			containerPortal = 6B5F1A6A25157E95009E41D7 /* Project object */;
			proxyType = 1;
			remoteGlobalIDString = 6B5F1A7125157E95009E41D7;
			remoteInfo = Rabbit;
		};
/* End PBXContainerItemProxy section */

/* Begin PBXFileReference section */
		6B5F1A7225157E95009E41D7 /* Rabbit.app */ = {isa = PBXFileReference; explicitFileType = wrapper.application; includeInIndex = 0; path = Rabbit.app; sourceTree = BUILT_PRODUCTS_DIR; };
		6B5F1A7525157E95009E41D7 /* AppDelegate.swift */ = {isa = PBXFileReference; lastKnownFileType = sourcecode.swift; path = AppDelegate.swift; sourceTree = "<group>"; };
		6B5F1A7725157E95009E41D7 /* SceneDelegate.swift */ = {isa = PBXFileReference; lastKnownFileType = sourcecode.swift; path = SceneDelegate.swift; sourceTree = "<group>"; };
		6B5F1A7925157E95009E41D7 /* ViewController.swift */ = {isa = PBXFileReference; lastKnownFileType = sourcecode.swift; path = ViewController.swift; sourceTree = "<group>"; };
		6B5F1A7C25157E95009E41D7 /* Base */ = {isa = PBXFileReference; lastKnownFileType = file.storyboard; name = Base; path = Base.lproj/Main.storyboard; sourceTree = "<group>"; };
		6B5F1A7E25157E96009E41D7 /* Assets.xcassets */ = {isa = PBXFileReference; lastKnownFileType = folder.assetcatalog; path = Assets.xcassets; sourceTree = "<group>"; };
		6B5F1A8125157E96009E41D7 /* Base */ = {isa = PBXFileReference; lastKnownFileType = file.storyboard; name = Base; path = Base.lproj/LaunchScreen.storyboard; sourceTree = "<group>"; };
		6B5F1A8325157E96009E41D7 /* Info.plist */ = {isa = PBXFileReference; lastKnownFileType = text.plist.xml; path = Info.plist; sourceTree = "<group>"; };
		6B5F1A8825157E96009E41D7 /* RabbitTests.xctest */ = {isa = PBXFileReference; explicitFileType = wrapper.cfbundle; includeInIndex = 0; path = RabbitTests.xctest; sourceTree = BUILT_PRODUCTS_DIR; };
		6B5F1A8C25157E96009E41D7 /* RabbitTests.swift */ = {isa = PBXFileReference; lastKnownFileType = sourcecode.swift; path = RabbitTests.swift; sourceTree = "<group>"; };
		6B5F1A8E25157E96009E41D7 /* Info.plist */ = {isa = PBXFileReference; lastKnownFileType = text.plist.xml; path = Info.plist; sourceTree = "<group>"; };
		6B5F1A9325157E96009E41D7 /* RabbitUITests.xctest */ = {isa = PBXFileReference; explicitFileType = wrapper.cfbundle; includeInIndex = 0; path = RabbitUITests.xctest; sourceTree = BUILT_PRODUCTS_DIR; };
		6B5F1A9725157E96009E41D7 /* RabbitUITests.swift */ = {isa = PBXFileReference; lastKnownFileType = sourcecode.swift; path = RabbitUITests.swift; sourceTree = "<group>"; };
		6B5F1A9925157E96009E41D7 /* Info.plist */ = {isa = PBXFileReference; lastKnownFileType = text.plist.xml; path = Info.plist; sourceTree = "<group>"; };
		6B5F1AA825157F82009E41D7 /* script.jump */ = {isa = PBXFileReference; lastKnownFileType = text; path = script.jump; sourceTree = "<group>"; };
		6B5F1AAD25157F95009E41D7 /* Rabbit.swift */ = {isa = PBXFileReference; lastKnownFileType = sourcecode.swift; path = Rabbit.swift; sourceTree = "<group>"; };
/* End PBXFileReference section */

/* Begin PBXFrameworksBuildPhase section */
		6B5F1A6F25157E95009E41D7 /* Frameworks */ = {
			isa = PBXFrameworksBuildPhase;
			buildActionMask = 2147483647;
			files = (
			);
			runOnlyForDeploymentPostprocessing = 0;
		};
		6B5F1A8525157E96009E41D7 /* Frameworks */ = {
			isa = PBXFrameworksBuildPhase;
			buildActionMask = 2147483647;
			files = (
			);
			runOnlyForDeploymentPostprocessing = 0;
		};
		6B5F1A9025157E96009E41D7 /* Frameworks */ = {
			isa = PBXFrameworksBuildPhase;
			buildActionMask = 2147483647;
			files = (
			);
			runOnlyForDeploymentPostprocessing = 0;
		};
/* End PBXFrameworksBuildPhase section */

/* Begin PBXGroup section */
		6B5F1A6925157E95009E41D7 = {
			isa = PBXGroup;
			children = (
				6B5F1A7425157E95009E41D7 /* Rabbit */,
				6B5F1A8B25157E96009E41D7 /* RabbitTests */,
				6B5F1A9625157E96009E41D7 /* RabbitUITests */,
				6B5F1A7325157E95009E41D7 /* Products */,
			);
			sourceTree = "<group>";
		};
		6B5F1A7325157E95009E41D7 /* Products */ = {
			isa = PBXGroup;
			children = (
				6B5F1A7225157E95009E41D7 /* Rabbit.app */,
				6B5F1A8825157E96009E41D7 /* RabbitTests.xctest */,
				6B5F1A9325157E96009E41D7 /* RabbitUITests.xctest */,
			);
			name = Products;
			sourceTree = "<group>";
		};
		6B5F1A7425157E95009E41D7 /* Rabbit */ = {
			isa = PBXGroup;
			children = (
				6B5F1A7525157E95009E41D7 /* AppDelegate.swift */,
				6B5F1A7725157E95009E41D7 /* SceneDelegate.swift */,
				6B5F1A7925157E95009E41D7 /* ViewController.swift */,
				6B5F1A7B25157E95009E41D7 /* Main.storyboard */,
				6B5F1A7E25157E96009E41D7 /* Assets.xcassets */,
				6B5F1A8025157E96009E41D7 /* LaunchScreen.storyboard */,
				6B5F1A8325157E96009E41D7 /* Info.plist */,
				6B5F1AA825157F82009E41D7 /* script.jump */,
				6B5F1AAD25157F95009E41D7 /* Rabbit.swift */,
			);
			path = Rabbit;
			sourceTree = "<group>";
		};
		6B5F1A8B25157E96009E41D7 /* RabbitTests */ = {
			isa = PBXGroup;
			children = (
				6B5F1A8C25157E96009E41D7 /* RabbitTests.swift */,
				6B5F1A8E25157E96009E41D7 /* Info.plist */,
			);
			path = RabbitTests;
			sourceTree = "<group>";
		};
		6B5F1A9625157E96009E41D7 /* RabbitUITests */ = {
			isa = PBXGroup;
			children = (
				6B5F1A9725157E96009E41D7 /* RabbitUITests.swift */,
				6B5F1A9925157E96009E41D7 /* Info.plist */,
			);
			path = RabbitUITests;
			sourceTree = "<group>";
		};
/* End PBXGroup section */

/* Begin PBXNativeTarget section */
		6B5F1A7125157E95009E41D7 /* Rabbit */ = {
			isa = PBXNativeTarget;
			buildConfigurationList = 6B5F1A9C25157E96009E41D7 /* Build configuration list for PBXNativeTarget "Rabbit" */;
			buildPhases = (
				6B5F1A6E25157E95009E41D7 /* Sources */,
				6B5F1A6F25157E95009E41D7 /* Frameworks */,
				6B5F1A7025157E95009E41D7 /* Resources */,
			);
			buildRules = (
			);
			dependencies = (
			);
			name = Rabbit;
			productName = Rabbit;
			productReference = 6B5F1A7225157E95009E41D7 /* Rabbit.app */;
			productType = "com.apple.product-type.application";
		};
		6B5F1A8725157E96009E41D7 /* RabbitTests */ = {
			isa = PBXNativeTarget;
			buildConfigurationList = 6B5F1A9F25157E96009E41D7 /* Build configuration list for PBXNativeTarget "RabbitTests" */;
			buildPhases = (
				6B5F1A8425157E96009E41D7 /* Sources */,
				6B5F1A8525157E96009E41D7 /* Frameworks */,
				6B5F1A8625157E96009E41D7 /* Resources */,
			);
			buildRules = (
			);
			dependencies = (
				6B5F1A8A25157E96009E41D7 /* PBXTargetDependency */,
			);
			name = RabbitTests;
			productName = RabbitTests;
			productReference = 6B5F1A8825157E96009E41D7 /* RabbitTests.xctest */;
			productType = "com.apple.product-type.bundle.unit-test";
		};
		6B5F1A9225157E96009E41D7 /* RabbitUITests */ = {
			isa = PBXNativeTarget;
			buildConfigurationList = 6B5F1AA225157E96009E41D7 /* Build configuration list for PBXNativeTarget "RabbitUITests" */;
			buildPhases = (
				6B5F1A8F25157E96009E41D7 /* Sources */,
				6B5F1A9025157E96009E41D7 /* Frameworks */,
				6B5F1A9125157E96009E41D7 /* Resources */,
			);
			buildRules = (
			);
			dependencies = (
				6B5F1A9525157E96009E41D7 /* PBXTargetDependency */,
			);
			name = RabbitUITests;
			productName = RabbitUITests;
			productReference = 6B5F1A9325157E96009E41D7 /* RabbitUITests.xctest */;
			productType = "com.apple.product-type.bundle.ui-testing";
		};
/* End PBXNativeTarget section */

/* Begin PBXProject section */
		6B5F1A6A25157E95009E41D7 /* Project object */ = {
			isa = PBXProject;
			attributes = {
				LastSwiftUpdateCheck = 1200;
				LastUpgradeCheck = 1200;
				TargetAttributes = {
					6B5F1A7125157E95009E41D7 = {
						CreatedOnToolsVersion = 12.0;
					};
					6B5F1A8725157E96009E41D7 = {
						CreatedOnToolsVersion = 12.0;
						TestTargetID = 6B5F1A7125157E95009E41D7;
					};
					6B5F1A9225157E96009E41D7 = {
						CreatedOnToolsVersion = 12.0;
						TestTargetID = 6B5F1A7125157E95009E41D7;
					};
				};
			};
			buildConfigurationList = 6B5F1A6D25157E95009E41D7 /* Build configuration list for PBXProject "Rabbit" */;
			compatibilityVersion = "Xcode 9.3";
			developmentRegion = en;
			hasScannedForEncodings = 0;
			knownRegions = (
				en,
				Base,
			);
			mainGroup = 6B5F1A6925157E95009E41D7;
			productRefGroup = 6B5F1A7325157E95009E41D7 /* Products */;
			projectDirPath = "";
			projectRoot = "";
			targets = (
				6B5F1A7125157E95009E41D7 /* Rabbit */,
				6B5F1A8725157E96009E41D7 /* RabbitTests */,
				6B5F1A9225157E96009E41D7 /* RabbitUITests */,
			);
		};
/* End PBXProject section */

/* Begin PBXResourcesBuildPhase section */
		6B5F1A7025157E95009E41D7 /* Resources */ = {
			isa = PBXResourcesBuildPhase;
			buildActionMask = 2147483647;
			files = (
				6B5F1A8225157E96009E41D7 /* LaunchScreen.storyboard in Resources */,
				6B5F1A7F25157E96009E41D7 /* Assets.xcassets in Resources */,
				6B5F1AA925157F82009E41D7 /* script.jump in Resources */,
				6B5F1A7D25157E95009E41D7 /* Main.storyboard in Resources */,
			);
			runOnlyForDeploymentPostprocessing = 0;
		};
		6B5F1A8625157E96009E41D7 /* Resources */ = {
			isa = PBXResourcesBuildPhase;
			buildActionMask = 2147483647;
			files = (
			);
			runOnlyForDeploymentPostprocessing = 0;
		};
		6B5F1A9125157E96009E41D7 /* Resources */ = {
			isa = PBXResourcesBuildPhase;
			buildActionMask = 2147483647;
			files = (
			);
			runOnlyForDeploymentPostprocessing = 0;
		};
/* End PBXResourcesBuildPhase section */

/* Begin PBXSourcesBuildPhase section */
		6B5F1A6E25157E95009E41D7 /* Sources */ = {
			isa = PBXSourcesBuildPhase;
			buildActionMask = 2147483647;
			files = (
				6B5F1A7A25157E95009E41D7 /* ViewController.swift in Sources */,
				6B5F1A7625157E95009E41D7 /* AppDelegate.swift in Sources */,
				6B5F1A7825157E95009E41D7 /* SceneDelegate.swift in Sources */,
				6B5F1AAE25157F95009E41D7 /* Rabbit.swift in Sources */,
			);
			runOnlyForDeploymentPostprocessing = 0;
		};
		6B5F1A8425157E96009E41D7 /* Sources */ = {
			isa = PBXSourcesBuildPhase;
			buildActionMask = 2147483647;
			files = (
				6B5F1A8D25157E96009E41D7 /* RabbitTests.swift in Sources */,
			);
			runOnlyForDeploymentPostprocessing = 0;
		};
		6B5F1A8F25157E96009E41D7 /* Sources */ = {
			isa = PBXSourcesBuildPhase;
			buildActionMask = 2147483647;
			files = (
				6B5F1A9825157E96009E41D7 /* RabbitUITests.swift in Sources */,
			);
			runOnlyForDeploymentPostprocessing = 0;
		};
/* End PBXSourcesBuildPhase section */

/* Begin PBXTargetDependency section */
		6B5F1A8A25157E96009E41D7 /* PBXTargetDependency */ = {
			isa = PBXTargetDependency;
			target = 6B5F1A7125157E95009E41D7 /* Rabbit */;
			targetProxy = 6B5F1A8925157E96009E41D7 /* PBXContainerItemProxy */;
		};
		6B5F1A9525157E96009E41D7 /* PBXTargetDependency */ = {
			isa = PBXTargetDependency;
			target = 6B5F1A7125157E95009E41D7 /* Rabbit */;
			targetProxy = 6B5F1A9425157E96009E41D7 /* PBXContainerItemProxy */;
		};
/* End PBXTargetDependency section */

/* Begin PBXVariantGroup section */
		6B5F1A7B25157E95009E41D7 /* Main.storyboard */ = {
			isa = PBXVariantGroup;
			children = (
				6B5F1A7C25157E95009E41D7 /* Base */,
			);
			name = Main.storyboard;
			sourceTree = "<group>";
		};
		6B5F1A8025157E96009E41D7 /* LaunchScreen.storyboard */ = {
			isa = PBXVariantGroup;
			children = (
				6B5F1A8125157E96009E41D7 /* Base */,
			);
			name = LaunchScreen.storyboard;
			sourceTree = "<group>";
		};
/* End PBXVariantGroup section */

/* Begin XCBuildConfiguration section */
		6B5F1A9A25157E96009E41D7 /* Debug */ = {
			isa = XCBuildConfiguration;
			buildSettings = {
				ALWAYS_SEARCH_USER_PATHS = NO;
				CLANG_ANALYZER_NONNULL = YES;
				CLANG_ANALYZER_NUMBER_OBJECT_CONVERSION = YES_AGGRESSIVE;
				CLANG_CXX_LANGUAGE_STANDARD = "gnu++14";
				CLANG_CXX_LIBRARY = "libc++";
				CLANG_ENABLE_MODULES = YES;
				CLANG_ENABLE_OBJC_ARC = YES;
				CLANG_ENABLE_OBJC_WEAK = YES;
				CLANG_WARN_BLOCK_CAPTURE_AUTORELEASING = YES;
				CLANG_WARN_BOOL_CONVERSION = YES;
				CLANG_WARN_COMMA = YES;
				CLANG_WARN_CONSTANT_CONVERSION = YES;
				CLANG_WARN_DEPRECATED_OBJC_IMPLEMENTATIONS = YES;
				CLANG_WARN_DIRECT_OBJC_ISA_USAGE = YES_ERROR;
				CLANG_WARN_DOCUMENTATION_COMMENTS = YES;
				CLANG_WARN_EMPTY_BODY = YES;
				CLANG_WARN_ENUM_CONVERSION = YES;
				CLANG_WARN_INFINITE_RECURSION = YES;
				CLANG_WARN_INT_CONVERSION = YES;
				CLANG_WARN_NON_LITERAL_NULL_CONVERSION = YES;
				CLANG_WARN_OBJC_IMPLICIT_RETAIN_SELF = YES;
				CLANG_WARN_OBJC_LITERAL_CONVERSION = YES;
				CLANG_WARN_OBJC_ROOT_CLASS = YES_ERROR;
				CLANG_WARN_QUOTED_INCLUDE_IN_FRAMEWORK_HEADER = YES;
				CLANG_WARN_RANGE_LOOP_ANALYSIS = YES;
				CLANG_WARN_STRICT_PROTOTYPES = YES;
				CLANG_WARN_SUSPICIOUS_MOVE = YES;
				CLANG_WARN_UNGUARDED_AVAILABILITY = YES_AGGRESSIVE;
				CLANG_WARN_UNREACHABLE_CODE = YES;
				CLANG_WARN__DUPLICATE_METHOD_MATCH = YES;
				COPY_PHASE_STRIP = NO;
				DEBUG_INFORMATION_FORMAT = dwarf;
				ENABLE_STRICT_OBJC_MSGSEND = YES;
				ENABLE_TESTABILITY = YES;
				GCC_C_LANGUAGE_STANDARD = gnu11;
				GCC_DYNAMIC_NO_PIC = NO;
				GCC_NO_COMMON_BLOCKS = YES;
				GCC_OPTIMIZATION_LEVEL = 0;
				GCC_PREPROCESSOR_DEFINITIONS = (
					"DEBUG=1",
					"$(inherited)",
				);
				GCC_WARN_64_TO_32_BIT_CONVERSION = YES;
				GCC_WARN_ABOUT_RETURN_TYPE = YES_ERROR;
				GCC_WARN_UNDECLARED_SELECTOR = YES;
				GCC_WARN_UNINITIALIZED_AUTOS = YES_AGGRESSIVE;
				GCC_WARN_UNUSED_FUNCTION = YES;
				GCC_WARN_UNUSED_VARIABLE = YES;
				IPHONEOS_DEPLOYMENT_TARGET = 14.0;
				MTL_ENABLE_DEBUG_INFO = INCLUDE_SOURCE;
				MTL_FAST_MATH = YES;
				ONLY_ACTIVE_ARCH = YES;
				SDKROOT = iphoneos;
				SWIFT_ACTIVE_COMPILATION_CONDITIONS = DEBUG;
				SWIFT_OPTIMIZATION_LEVEL = "-Onone";
			};
			name = Debug;
		};
		6B5F1A9B25157E96009E41D7 /* Release */ = {
			isa = XCBuildConfiguration;
			buildSettings = {
				ALWAYS_SEARCH_USER_PATHS = NO;
				CLANG_ANALYZER_NONNULL = YES;
				CLANG_ANALYZER_NUMBER_OBJECT_CONVERSION = YES_AGGRESSIVE;
				CLANG_CXX_LANGUAGE_STANDARD = "gnu++14";
				CLANG_CXX_LIBRARY = "libc++";
				CLANG_ENABLE_MODULES = YES;
				CLANG_ENABLE_OBJC_ARC = YES;
				CLANG_ENABLE_OBJC_WEAK = YES;
				CLANG_WARN_BLOCK_CAPTURE_AUTORELEASING = YES;
				CLANG_WARN_BOOL_CONVERSION = YES;
				CLANG_WARN_COMMA = YES;
				CLANG_WARN_CONSTANT_CONVERSION = YES;
				CLANG_WARN_DEPRECATED_OBJC_IMPLEMENTATIONS = YES;
				CLANG_WARN_DIRECT_OBJC_ISA_USAGE = YES_ERROR;
				CLANG_WARN_DOCUMENTATION_COMMENTS = YES;
				CLANG_WARN_EMPTY_BODY = YES;
				CLANG_WARN_ENUM_CONVERSION = YES;
				CLANG_WARN_INFINITE_RECURSION = YES;
				CLANG_WARN_INT_CONVERSION = YES;
				CLANG_WARN_NON_LITERAL_NULL_CONVERSION = YES;
				CLANG_WARN_OBJC_IMPLICIT_RETAIN_SELF = YES;
				CLANG_WARN_OBJC_LITERAL_CONVERSION = YES;
				CLANG_WARN_OBJC_ROOT_CLASS = YES_ERROR;
				CLANG_WARN_QUOTED_INCLUDE_IN_FRAMEWORK_HEADER = YES;
				CLANG_WARN_RANGE_LOOP_ANALYSIS = YES;
				CLANG_WARN_STRICT_PROTOTYPES = YES;
				CLANG_WARN_SUSPICIOUS_MOVE = YES;
				CLANG_WARN_UNGUARDED_AVAILABILITY = YES_AGGRESSIVE;
				CLANG_WARN_UNREACHABLE_CODE = YES;
				CLANG_WARN__DUPLICATE_METHOD_MATCH = YES;
				COPY_PHASE_STRIP = NO;
				DEBUG_INFORMATION_FORMAT = "dwarf-with-dsym";
				ENABLE_NS_ASSERTIONS = NO;
				ENABLE_STRICT_OBJC_MSGSEND = YES;
				GCC_C_LANGUAGE_STANDARD = gnu11;
				GCC_NO_COMMON_BLOCKS = YES;
				GCC_WARN_64_TO_32_BIT_CONVERSION = YES;
				GCC_WARN_ABOUT_RETURN_TYPE = YES_ERROR;
				GCC_WARN_UNDECLARED_SELECTOR = YES;
				GCC_WARN_UNINITIALIZED_AUTOS = YES_AGGRESSIVE;
				GCC_WARN_UNUSED_FUNCTION = YES;
				GCC_WARN_UNUSED_VARIABLE = YES;
				IPHONEOS_DEPLOYMENT_TARGET = 14.0;
				MTL_ENABLE_DEBUG_INFO = NO;
				MTL_FAST_MATH = YES;
				SDKROOT = iphoneos;
				SWIFT_COMPILATION_MODE = wholemodule;
				SWIFT_OPTIMIZATION_LEVEL = "-O";
				VALIDATE_PRODUCT = YES;
			};
			name = Release;
		};
		6B5F1A9D25157E96009E41D7 /* Debug */ = {
			isa = XCBuildConfiguration;
			buildSettings = {
				ASSETCATALOG_COMPILER_APPICON_NAME = AppIcon;
				ASSETCATALOG_COMPILER_GLOBAL_ACCENT_COLOR_NAME = AccentColor;
				CODE_SIGN_STYLE = Automatic;
				DEVELOPMENT_TEAM = ZSHW56Z6F8;
				INFOPLIST_FILE = Rabbit/Info.plist;
				LD_RUNPATH_SEARCH_PATHS = (
					"$(inherited)",
					"@executable_path/Frameworks",
				);
				PRODUCT_BUNDLE_IDENTIFIER = "continue-jump.Rabbit";
				PRODUCT_NAME = "$(TARGET_NAME)";
				SWIFT_VERSION = 5.0;
				TARGETED_DEVICE_FAMILY = "1,2";
			};
			name = Debug;
		};
		6B5F1A9E25157E96009E41D7 /* Release */ = {
			isa = XCBuildConfiguration;
			buildSettings = {
				ASSETCATALOG_COMPILER_APPICON_NAME = AppIcon;
				ASSETCATALOG_COMPILER_GLOBAL_ACCENT_COLOR_NAME = AccentColor;
				CODE_SIGN_STYLE = Automatic;
				DEVELOPMENT_TEAM = ZSHW56Z6F8;
				INFOPLIST_FILE = Rabbit/Info.plist;
				LD_RUNPATH_SEARCH_PATHS = (
					"$(inherited)",
					"@executable_path/Frameworks",
				);
				PRODUCT_BUNDLE_IDENTIFIER = "continue-jump.Rabbit";
				PRODUCT_NAME = "$(TARGET_NAME)";
				SWIFT_VERSION = 5.0;
				TARGETED_DEVICE_FAMILY = "1,2";
			};
			name = Release;
		};
		6B5F1AA025157E96009E41D7 /* Debug */ = {
			isa = XCBuildConfiguration;
			buildSettings = {
				ALWAYS_EMBED_SWIFT_STANDARD_LIBRARIES = YES;
				BUNDLE_LOADER = "$(TEST_HOST)";
				CODE_SIGN_STYLE = Automatic;
				DEVELOPMENT_TEAM = ZSHW56Z6F8;
				INFOPLIST_FILE = RabbitTests/Info.plist;
				IPHONEOS_DEPLOYMENT_TARGET = 14.0;
				LD_RUNPATH_SEARCH_PATHS = (
					"$(inherited)",
					"@executable_path/Frameworks",
					"@loader_path/Frameworks",
				);
				PRODUCT_BUNDLE_IDENTIFIER = "continue-jump.RabbitTests";
				PRODUCT_NAME = "$(TARGET_NAME)";
				SWIFT_VERSION = 5.0;
				TARGETED_DEVICE_FAMILY = "1,2";
				TEST_HOST = "$(BUILT_PRODUCTS_DIR)/Rabbit.app/Rabbit";
			};
			name = Debug;
		};
		6B5F1AA125157E96009E41D7 /* Release */ = {
			isa = XCBuildConfiguration;
			buildSettings = {
				ALWAYS_EMBED_SWIFT_STANDARD_LIBRARIES = YES;
				BUNDLE_LOADER = "$(TEST_HOST)";
				CODE_SIGN_STYLE = Automatic;
				DEVELOPMENT_TEAM = ZSHW56Z6F8;
				INFOPLIST_FILE = RabbitTests/Info.plist;
				IPHONEOS_DEPLOYMENT_TARGET = 14.0;
				LD_RUNPATH_SEARCH_PATHS = (
					"$(inherited)",
					"@executable_path/Frameworks",
					"@loader_path/Frameworks",
				);
				PRODUCT_BUNDLE_IDENTIFIER = "continue-jump.RabbitTests";
				PRODUCT_NAME = "$(TARGET_NAME)";
				SWIFT_VERSION = 5.0;
				TARGETED_DEVICE_FAMILY = "1,2";
				TEST_HOST = "$(BUILT_PRODUCTS_DIR)/Rabbit.app/Rabbit";
			};
			name = Release;
		};
		6B5F1AA325157E96009E41D7 /* Debug */ = {
			isa = XCBuildConfiguration;
			buildSettings = {
				ALWAYS_EMBED_SWIFT_STANDARD_LIBRARIES = YES;
				CODE_SIGN_STYLE = Automatic;
				DEVELOPMENT_TEAM = ZSHW56Z6F8;
				INFOPLIST_FILE = RabbitUITests/Info.plist;
				LD_RUNPATH_SEARCH_PATHS = (
					"$(inherited)",
					"@executable_path/Frameworks",
					"@loader_path/Frameworks",
				);
				PRODUCT_BUNDLE_IDENTIFIER = "continue-jump.RabbitUITests";
				PRODUCT_NAME = "$(TARGET_NAME)";
				SWIFT_VERSION = 5.0;
				TARGETED_DEVICE_FAMILY = "1,2";
				TEST_TARGET_NAME = Rabbit;
			};
			name = Debug;
		};
		6B5F1AA425157E96009E41D7 /* Release */ = {
			isa = XCBuildConfiguration;
			buildSettings = {
				ALWAYS_EMBED_SWIFT_STANDARD_LIBRARIES = YES;
				CODE_SIGN_STYLE = Automatic;
				DEVELOPMENT_TEAM = ZSHW56Z6F8;
				INFOPLIST_FILE = RabbitUITests/Info.plist;
				LD_RUNPATH_SEARCH_PATHS = (
					"$(inherited)",
					"@executable_path/Frameworks",
					"@loader_path/Frameworks",
				);
				PRODUCT_BUNDLE_IDENTIFIER = "continue-jump.RabbitUITests";
				PRODUCT_NAME = "$(TARGET_NAME)";
				SWIFT_VERSION = 5.0;
				TARGETED_DEVICE_FAMILY = "1,2";
				TEST_TARGET_NAME = Rabbit;
			};
			name = Release;
		};
/* End XCBuildConfiguration section */

/* Begin XCConfigurationList section */
		6B5F1A6D25157E95009E41D7 /* Build configuration list for PBXProject "Rabbit" */ = {
			isa = XCConfigurationList;
			buildConfigurations = (
				6B5F1A9A25157E96009E41D7 /* Debug */,
				6B5F1A9B25157E96009E41D7 /* Release */,
			);
			defaultConfigurationIsVisible = 0;
			defaultConfigurationName = Release;
		};
		6B5F1A9C25157E96009E41D7 /* Build configuration list for PBXNativeTarget "Rabbit" */ = {
			isa = XCConfigurationList;
			buildConfigurations = (
				6B5F1A9D25157E96009E41D7 /* Debug */,
				6B5F1A9E25157E96009E41D7 /* Release */,
			);
			defaultConfigurationIsVisible = 0;
			defaultConfigurationName = Release;
		};
		6B5F1A9F25157E96009E41D7 /* Build configuration list for PBXNativeTarget "RabbitTests" */ = {
			isa = XCConfigurationList;
			buildConfigurations = (
				6B5F1AA025157E96009E41D7 /* Debug */,
				6B5F1AA125157E96009E41D7 /* Release */,
			);
			defaultConfigurationIsVisible = 0;
			defaultConfigurationName = Release;
		};
		6B5F1AA225157E96009E41D7 /* Build configuration list for PBXNativeTarget "RabbitUITests" */ = {
			isa = XCConfigurationList;
			buildConfigurations = (
				6B5F1AA325157E96009E41D7 /* Debug */,
				6B5F1AA425157E96009E41D7 /* Release */,
			);
			defaultConfigurationIsVisible = 0;
			defaultConfigurationName = Release;
		};
/* End XCConfigurationList section */
	};
	rootObject = 6B5F1A6A25157E95009E41D7 /* Project object */;
}
